// !$*UTF8*$!
{
	archiveVersion = 1;
	classes = {
	};
	objectVersion = 50;
	objects = {

/* Begin PBXBuildFile section */
		57DFB8AC20A93A8B00A7FD77 /* AppDelegate.swift in Sources */ = {isa = PBXBuildFile; fileRef = 57DFB8AB20A93A8B00A7FD77 /* AppDelegate.swift */; };
		57DFB8AE20A93A8B00A7FD77 /* DetailViewController.swift in Sources */ = {isa = PBXBuildFile; fileRef = 57DFB8AD20A93A8B00A7FD77 /* DetailViewController.swift */; };
		57DFB8B120A93A8B00A7FD77 /* Main.storyboard in Resources */ = {isa = PBXBuildFile; fileRef = 57DFB8AF20A93A8B00A7FD77 /* Main.storyboard */; };
		57DFB8B320A93A8C00A7FD77 /* Assets.xcassets in Resources */ = {isa = PBXBuildFile; fileRef = 57DFB8B220A93A8C00A7FD77 /* Assets.xcassets */; };
		57DFB8B620A93A8C00A7FD77 /* LaunchScreen.storyboard in Resources */ = {isa = PBXBuildFile; fileRef = 57DFB8B420A93A8C00A7FD77 /* LaunchScreen.storyboard */; };
		57DFB8BE20A93ACF00A7FD77 /* MasterTableViewController.swift in Sources */ = {isa = PBXBuildFile; fileRef = 57DFB8BD20A93ACF00A7FD77 /* MasterTableViewController.swift */; };
/* End PBXBuildFile section */

/* Begin PBXFileReference section */
		57DFB8A820A93A8B00A7FD77 /* MasterDelegate.app */ = {isa = PBXFileReference; explicitFileType = wrapper.application; includeInIndex = 0; path = MasterDelegate.app; sourceTree = BUILT_PRODUCTS_DIR; };
		57DFB8AB20A93A8B00A7FD77 /* AppDelegate.swift */ = {isa = PBXFileReference; lastKnownFileType = sourcecode.swift; path = AppDelegate.swift; sourceTree = "<group>"; };
		57DFB8AD20A93A8B00A7FD77 /* DetailViewController.swift */ = {isa = PBXFileReference; lastKnownFileType = sourcecode.swift; path = DetailViewController.swift; sourceTree = "<group>"; };
		57DFB8B020A93A8B00A7FD77 /* Base */ = {isa = PBXFileReference; lastKnownFileType = file.storyboard; name = Base; path = Base.lproj/Main.storyboard; sourceTree = "<group>"; };
		57DFB8B220A93A8C00A7FD77 /* Assets.xcassets */ = {isa = PBXFileReference; lastKnownFileType = folder.assetcatalog; path = Assets.xcassets; sourceTree = "<group>"; };
		57DFB8B520A93A8C00A7FD77 /* Base */ = {isa = PBXFileReference; lastKnownFileType = file.storyboard; name = Base; path = Base.lproj/LaunchScreen.storyboard; sourceTree = "<group>"; };
		57DFB8B720A93A8C00A7FD77 /* Info.plist */ = {isa = PBXFileReference; lastKnownFileType = text.plist.xml; path = Info.plist; sourceTree = "<group>"; };
		57DFB8BD20A93ACF00A7FD77 /* MasterTableViewController.swift */ = {isa = PBXFileReference; lastKnownFileType = sourcecode.swift; path = MasterTableViewController.swift; sourceTree = "<group>"; };
/* End PBXFileReference section */

/* Begin PBXFrameworksBuildPhase section */
		57DFB8A520A93A8B00A7FD77 /* Frameworks */ = {
			isa = PBXFrameworksBuildPhase;
			buildActionMask = 2147483647;
			files = (
			);
			runOnlyForDeploymentPostprocessing = 0;
		};
/* End PBXFrameworksBuildPhase section */

/* Begin PBXGroup section */
		57DFB89F20A93A8B00A7FD77 = {
			isa = PBXGroup;
			children = (
				57DFB8AA20A93A8B00A7FD77 /* MasterDelegate */,
				57DFB8A920A93A8B00A7FD77 /* Products */,
			);
			sourceTree = "<group>";
		};
		57DFB8A920A93A8B00A7FD77 /* Products */ = {
			isa = PBXGroup;
			children = (
				57DFB8A820A93A8B00A7FD77 /* MasterDelegate.app */,
			);
			name = Products;
			sourceTree = "<group>";
		};
		57DFB8AA20A93A8B00A7FD77 /* MasterDelegate */ = {
			isa = PBXGroup;
			children = (
				57DFB8AB20A93A8B00A7FD77 /* AppDelegate.swift */,
				57DFB8BD20A93ACF00A7FD77 /* MasterTableViewController.swift */,
				57DFB8AD20A93A8B00A7FD77 /* DetailViewController.swift */,
				57DFB8AF20A93A8B00A7FD77 /* Main.storyboard */,
				57DFB8B220A93A8C00A7FD77 /* Assets.xcassets */,
				57DFB8B420A93A8C00A7FD77 /* LaunchScreen.storyboard */,
				57DFB8B720A93A8C00A7FD77 /* Info.plist */,
			);
			path = MasterDelegate;
			sourceTree = "<group>";
		};
/* End PBXGroup section */

/* Begin PBXNativeTarget section */
		57DFB8A720A93A8B00A7FD77 /* MasterDelegate */ = {
			isa = PBXNativeTarget;
			buildConfigurationList = 57DFB8BA20A93A8C00A7FD77 /* Build configuration list for PBXNativeTarget "MasterDelegate" */;
			buildPhases = (
				57DFB8A420A93A8B00A7FD77 /* Sources */,
				57DFB8A520A93A8B00A7FD77 /* Frameworks */,
				57DFB8A620A93A8B00A7FD77 /* Resources */,
			);
			buildRules = (
			);
			dependencies = (
			);
			name = MasterDelegate;
			productName = MasterDelegate;
			productReference = 57DFB8A820A93A8B00A7FD77 /* MasterDelegate.app */;
			productType = "com.apple.product-type.application";
		};
/* End PBXNativeTarget section */

/* Begin PBXProject section */
		57DFB8A020A93A8B00A7FD77 /* Project object */ = {
			isa = PBXProject;
			attributes = {
				LastSwiftUpdateCheck = 0930;
				LastUpgradeCheck = 0930;
				ORGANIZATIONNAME = "nguyễn hữu đạt";
				TargetAttributes = {
					57DFB8A720A93A8B00A7FD77 = {
						CreatedOnToolsVersion = 9.3;
					};
				};
			};
			buildConfigurationList = 57DFB8A320A93A8B00A7FD77 /* Build configuration list for PBXProject "MasterDelegate" */;
			compatibilityVersion = "Xcode 9.3";
			developmentRegion = en;
			hasScannedForEncodings = 0;
			knownRegions = (
				en,
				Base,
			);
			mainGroup = 57DFB89F20A93A8B00A7FD77;
			productRefGroup = 57DFB8A920A93A8B00A7FD77 /* Products */;
			projectDirPath = "";
			projectRoot = "";
			targets = (
				57DFB8A720A93A8B00A7FD77 /* MasterDelegate */,
			);
		};
/* End PBXProject section */

/* Begin PBXResourcesBuildPhase section */
		57DFB8A620A93A8B00A7FD77 /* Resources */ = {
			isa = PBXResourcesBuildPhase;
			buildActionMask = 2147483647;
			files = (
				57DFB8B620A93A8C00A7FD77 /* LaunchScreen.storyboard in Resources */,
				57DFB8B320A93A8C00A7FD77 /* Assets.xcassets in Resources */,
				57DFB8B120A93A8B00A7FD77 /* Main.storyboard in Resources */,
			);
			runOnlyForDeploymentPostprocessing = 0;
		};
/* End PBXResourcesBuildPhase section */

/* Begin PBXSourcesBuildPhase section */
		57DFB8A420A93A8B00A7FD77 /* Sources */ = {
			isa = PBXSourcesBuildPhase;
			buildActionMask = 2147483647;
			files = (
				57DFB8AE20A93A8B00A7FD77 /* DetailViewController.swift in Sources */,
				57DFB8BE20A93ACF00A7FD77 /* MasterTableViewController.swift in Sources */,
				57DFB8AC20A93A8B00A7FD77 /* AppDelegate.swift in Sources */,
			);
			runOnlyForDeploymentPostprocessing = 0;
		};
/* End PBXSourcesBuildPhase section */

/* Begin PBXVariantGroup section */
		57DFB8AF20A93A8B00A7FD77 /* Main.storyboard */ = {
			isa = PBXVariantGroup;
			children = (
				57DFB8B020A93A8B00A7FD77 /* Base */,
			);
			name = Main.storyboard;
			sourceTree = "<group>";
		};
		57DFB8B420A93A8C00A7FD77 /* LaunchScreen.storyboard */ = {
			isa = PBXVariantGroup;
			children = (
				57DFB8B520A93A8C00A7FD77 /* Base */,
			);
			name = LaunchScreen.storyboard;
			sourceTree = "<group>";
		};
/* End PBXVariantGroup section */

/* Begin XCBuildConfiguration section */
		57DFB8B820A93A8C00A7FD77 /* Debug */ = {
			isa = XCBuildConfiguration;
			buildSettings = {
				ALWAYS_SEARCH_USER_PATHS = NO;
				CLANG_ANALYZER_NONNULL = YES;
				CLANG_ANALYZER_NUMBER_OBJECT_CONVERSION = YES_AGGRESSIVE;
				CLANG_CXX_LANGUAGE_STANDARD = "gnu++14";
				CLANG_CXX_LIBRARY = "libc++";
				CLANG_ENABLE_MODULES = YES;
				CLANG_ENABLE_OBJC_ARC = YES;
				CLANG_ENABLE_OBJC_WEAK = YES;
				CLANG_WARN_BLOCK_CAPTURE_AUTORELEASING = YES;
				CLANG_WARN_BOOL_CONVERSION = YES;
				CLANG_WARN_COMMA = YES;
				CLANG_WARN_CONSTANT_CONVERSION = YES;
				CLANG_WARN_DEPRECATED_OBJC_IMPLEMENTATIONS = YES;
				CLANG_WARN_DIRECT_OBJC_ISA_USAGE = YES_ERROR;
				CLANG_WARN_DOCUMENTATION_COMMENTS = YES;
				CLANG_WARN_EMPTY_BODY = YES;
				CLANG_WARN_ENUM_CONVERSION = YES;
				CLANG_WARN_INFINITE_RECURSION = YES;
				CLANG_WARN_INT_CONVERSION = YES;
				CLANG_WARN_NON_LITERAL_NULL_CONVERSION = YES;
				CLANG_WARN_OBJC_IMPLICIT_RETAIN_SELF = YES;
				CLANG_WARN_OBJC_LITERAL_CONVERSION = YES;
				CLANG_WARN_OBJC_ROOT_CLASS = YES_ERROR;
				CLANG_WARN_RANGE_LOOP_ANALYSIS = YES;
				CLANG_WARN_STRICT_PROTOTYPES = YES;
				CLANG_WARN_SUSPICIOUS_MOVE = YES;
				CLANG_WARN_UNGUARDED_AVAILABILITY = YES_AGGRESSIVE;
				CLANG_WARN_UNREACHABLE_CODE = YES;
				CLANG_WARN__DUPLICATE_METHOD_MATCH = YES;
				CODE_SIGN_IDENTITY = "iPhone Developer";
				COPY_PHASE_STRIP = NO;
				DEBUG_INFORMATION_FORMAT = dwarf;
				ENABLE_STRICT_OBJC_MSGSEND = YES;
				ENABLE_TESTABILITY = YES;
				GCC_C_LANGUAGE_STANDARD = gnu11;
				GCC_DYNAMIC_NO_PIC = NO;
				GCC_NO_COMMON_BLOCKS = YES;
				GCC_OPTIMIZATION_LEVEL = 0;
				GCC_PREPROCESSOR_DEFINITIONS = (
					"DEBUG=1",
					"$(inherited)",
				);
				GCC_WARN_64_TO_32_BIT_CONVERSION = YES;
				GCC_WARN_ABOUT_RETURN_TYPE = YES_ERROR;
				GCC_WARN_UNDECLARED_SELECTOR = YES;
				GCC_WARN_UNINITIALIZED_AUTOS = YES_AGGRESSIVE;
				GCC_WARN_UNUSED_FUNCTION = YES;
				GCC_WARN_UNUSED_VARIABLE = YES;
				IPHONEOS_DEPLOYMENT_TARGET = 11.3;
				MTL_ENABLE_DEBUG_INFO = YES;
				ONLY_ACTIVE_ARCH = YES;
				SDKROOT = iphoneos;
				SWIFT_ACTIVE_COMPILATION_CONDITIONS = DEBUG;
				SWIFT_OPTIMIZATION_LEVEL = "-Onone";
			};
			name = Debug;
		};
		57DFB8B920A93A8C00A7FD77 /* Release */ = {
			isa = XCBuildConfiguration;
			buildSettings = {
				ALWAYS_SEARCH_USER_PATHS = NO;
				CLANG_ANALYZER_NONNULL = YES;
				CLANG_ANALYZER_NUMBER_OBJECT_CONVERSION = YES_AGGRESSIVE;
				CLANG_CXX_LANGUAGE_STANDARD = "gnu++14";
				CLANG_CXX_LIBRARY = "libc++";
				CLANG_ENABLE_MODULES = YES;
				CLANG_ENABLE_OBJC_ARC = YES;
				CLANG_ENABLE_OBJC_WEAK = YES;
				CLANG_WARN_BLOCK_CAPTURE_AUTORELEASING = YES;
				CLANG_WARN_BOOL_CONVERSION = YES;
				CLANG_WARN_COMMA = YES;
				CLANG_WARN_CONSTANT_CONVERSION = YES;
				CLANG_WARN_DEPRECATED_OBJC_IMPLEMENTATIONS = YES;
				CLANG_WARN_DIRECT_OBJC_ISA_USAGE = YES_ERROR;
				CLANG_WARN_DOCUMENTATION_COMMENTS = YES;
				CLANG_WARN_EMPTY_BODY = YES;
				CLANG_WARN_ENUM_CONVERSION = YES;
				CLANG_WARN_INFINITE_RECURSION = YES;
				CLANG_WARN_INT_CONVERSION = YES;
				CLANG_WARN_NON_LITERAL_NULL_CONVERSION = YES;
				CLANG_WARN_OBJC_IMPLICIT_RETAIN_SELF = YES;
				CLANG_WARN_OBJC_LITERAL_CONVERSION = YES;
				CLANG_WARN_OBJC_ROOT_CLASS = YES_ERROR;
				CLANG_WARN_RANGE_LOOP_ANALYSIS = YES;
				CLANG_WARN_STRICT_PROTOTYPES = YES;
				CLANG_WARN_SUSPICIOUS_MOVE = YES;
				CLANG_WARN_UNGUARDED_AVAILABILITY = YES_AGGRESSIVE;
				CLANG_WARN_UNREACHABLE_CODE = YES;
				CLANG_WARN__DUPLICATE_METHOD_MATCH = YES;
				CODE_SIGN_IDENTITY = "iPhone Developer";
				COPY_PHASE_STRIP = NO;
				DEBUG_INFORMATION_FORMAT = "dwarf-with-dsym";
				ENABLE_NS_ASSERTIONS = NO;
				ENABLE_STRICT_OBJC_MSGSEND = YES;
				GCC_C_LANGUAGE_STANDARD = gnu11;
				GCC_NO_COMMON_BLOCKS = YES;
				GCC_WARN_64_TO_32_BIT_CONVERSION = YES;
				GCC_WARN_ABOUT_RETURN_TYPE = YES_ERROR;
				GCC_WARN_UNDECLARED_SELECTOR = YES;
				GCC_WARN_UNINITIALIZED_AUTOS = YES_AGGRESSIVE;
				GCC_WARN_UNUSED_FUNCTION = YES;
				GCC_WARN_UNUSED_VARIABLE = YES;
				IPHONEOS_DEPLOYMENT_TARGET = 11.3;
				MTL_ENABLE_DEBUG_INFO = NO;
				SDKROOT = iphoneos;
				SWIFT_COMPILATION_MODE = wholemodule;
				SWIFT_OPTIMIZATION_LEVEL = "-O";
				VALIDATE_PRODUCT = YES;
			};
			name = Release;
		};
		57DFB8BB20A93A8C00A7FD77 /* Debug */ = {
			isa = XCBuildConfiguration;
			buildSettings = {
				ASSETCATALOG_COMPILER_APPICON_NAME = AppIcon;
				CODE_SIGN_STYLE = Automatic;
				INFOPLIST_FILE = MasterDelegate/Info.plist;
				LD_RUNPATH_SEARCH_PATHS = (
					"$(inherited)",
					"@executable_path/Frameworks",
				);
				PRODUCT_BUNDLE_IDENTIFIER = as.MasterDelegate;
				PRODUCT_NAME = "$(TARGET_NAME)";
				SWIFT_VERSION = 4.0;
				TARGETED_DEVICE_FAMILY = "1,2";
			};
			name = Debug;
		};
		57DFB8BC20A93A8C00A7FD77 /* Release */ = {
			isa = XCBuildConfiguration;
			buildSettings = {
				ASSETCATALOG_COMPILER_APPICON_NAME = AppIcon;
				CODE_SIGN_STYLE = Automatic;
				INFOPLIST_FILE = MasterDelegate/Info.plist;
				LD_RUNPATH_SEARCH_PATHS = (
					"$(inherited)",
					"@executable_path/Frameworks",
				);
				PRODUCT_BUNDLE_IDENTIFIER = as.MasterDelegate;
				PRODUCT_NAME = "$(TARGET_NAME)";
				SWIFT_VERSION = 4.0;
				TARGETED_DEVICE_FAMILY = "1,2";
			};
			name = Release;
		};
/* End XCBuildConfiguration section */

/* Begin XCConfigurationList section */
		57DFB8A320A93A8B00A7FD77 /* Build configuration list for PBXProject "MasterDelegate" */ = {
			isa = XCConfigurationList;
			buildConfigurations = (
				57DFB8B820A93A8C00A7FD77 /* Debug */,
				57DFB8B920A93A8C00A7FD77 /* Release */,
			);
			defaultConfigurationIsVisible = 0;
			defaultConfigurationName = Release;
		};
		57DFB8BA20A93A8C00A7FD77 /* Build configuration list for PBXNativeTarget "MasterDelegate" */ = {
			isa = XCConfigurationList;
			buildConfigurations = (
				57DFB8BB20A93A8C00A7FD77 /* Debug */,
				57DFB8BC20A93A8C00A7FD77 /* Release */,
			);
			defaultConfigurationIsVisible = 0;
			defaultConfigurationName = Release;
		};
/* End XCConfigurationList section */
	};
	rootObject = 57DFB8A020A93A8B00A7FD77 /* Project object */;
}
